
Microsoft Visual Studio Solution File, Format Version 12.00
# Visual Studio Version 17
VisualStudioVersion = 17.0.31919.166
MinimumVisualStudioVersion = 10.0.40219.1
Project("{FAE04EC0-301F-11D3-BF4B-00C04F79EFBC}") = "Hayatsu Ramen", "Hayatsu Ramen\Hayatsu Ramen.csproj", "{FD806711-8DC7-4BA7-AE3D-8679F7338EC6}"
EndProject
Global
	GlobalSection(SolutionConfigurationPlatforms) = preSolution
		Debug|Any CPU = Debug|Any CPU
		Release|Any CPU = Release|Any CPU
	EndGlobalSection
	GlobalSection(ProjectConfigurationPlatforms) = postSolution
		{FD806711-8DC7-4BA7-AE3D-8679F7338EC6}.Debug|Any CPU.ActiveCfg = Debug|Any CPU
		{FD806711-8DC7-4BA7-AE3D-8679F7338EC6}.Debug|Any CPU.Build.0 = Debug|Any CPU
		{FD806711-8DC7-4BA7-AE3D-8679F7338EC6}.Release|Any CPU.ActiveCfg = Release|Any CPU
		{FD806711-8DC7-4BA7-AE3D-8679F7338EC6}.Release|Any CPU.Build.0 = Release|Any CPU
	EndGlobalSection
	GlobalSection(SolutionProperties) = preSolution
		HideSolutionNode = FALSE
	EndGlobalSection
	GlobalSection(ExtensibilityGlobals) = postSolution
		SolutionGuid = {824CD461-562F-4F83-B8D5-D86961EFC0DD}
	EndGlobalSection
EndGlobal
